
Microsoft Visual Studio Solution File, Format Version 12.00
# Visual Studio 2012
Project("{FAE04EC0-301F-11D3-BF4B-00C04F79EFBC}") = "Week3CodeChallenge", "Week3CodeChallenge\Week3CodeChallenge.csproj", "{9A025C57-CE2E-4800-A57B-C9E05A163C53}"
EndProject
Global
	GlobalSection(SolutionConfigurationPlatforms) = preSolution
		Debug|Any CPU = Debug|Any CPU
		Release|Any CPU = Release|Any CPU
	EndGlobalSection
	GlobalSection(ProjectConfigurationPlatforms) = postSolution
		{9A025C57-CE2E-4800-A57B-C9E05A163C53}.Debug|Any CPU.ActiveCfg = Debug|Any CPU
		{9A025C57-CE2E-4800-A57B-C9E05A163C53}.Debug|Any CPU.Build.0 = Debug|Any CPU
		{9A025C57-CE2E-4800-A57B-C9E05A163C53}.Release|Any CPU.ActiveCfg = Release|Any CPU
		{9A025C57-CE2E-4800-A57B-C9E05A163C53}.Release|Any CPU.Build.0 = Release|Any CPU
	EndGlobalSection
	GlobalSection(SolutionProperties) = preSolution
		HideSolutionNode = FALSE
	EndGlobalSection
EndGlobal
